
Microsoft Visual Studio Solution File, Format Version 12.00
# Visual Studio Version 16
VisualStudioVersion = 16.0.29326.143
MinimumVisualStudioVersion = 10.0.40219.1
Project("{FAE04EC0-301F-11D3-BF4B-00C04F79EFBC}") = "CICDTest", "CICDTest\CICDTest.csproj", "{755D823C-696C-4841-BA77-B29AF5ED4B5A}"
EndProject
Global
	GlobalSection(SolutionConfigurationPlatforms) = preSolution
		Debug|Any CPU = Debug|Any CPU
		Release|Any CPU = Release|Any CPU
	EndGlobalSection
	GlobalSection(ProjectConfigurationPlatforms) = postSolution
		{755D823C-696C-4841-BA77-B29AF5ED4B5A}.Debug|Any CPU.ActiveCfg = Debug|Any CPU
		{755D823C-696C-4841-BA77-B29AF5ED4B5A}.Debug|Any CPU.Build.0 = Debug|Any CPU
		{755D823C-696C-4841-BA77-B29AF5ED4B5A}.Release|Any CPU.ActiveCfg = Release|Any CPU
		{755D823C-696C-4841-BA77-B29AF5ED4B5A}.Release|Any CPU.Build.0 = Release|Any CPU
	EndGlobalSection
	GlobalSection(SolutionProperties) = preSolution
		HideSolutionNode = FALSE
	EndGlobalSection
	GlobalSection(ExtensibilityGlobals) = postSolution
		SolutionGuid = {E91E4FD7-8103-4AB3-87DE-2DA10E05CD56}
	EndGlobalSection
EndGlobal
